
Microsoft Visual Studio Solution File, Format Version 12.00
# Visual Studio 15
VisualStudioVersion = 15.0.28307.705
MinimumVisualStudioVersion = 10.0.40219.1
Project("{FAE04EC0-301F-11D3-BF4B-00C04F79EFBC}") = "class 10", "class 10\class 10.csproj", "{11F10DF6-DE98-424E-825D-417A0B4B741A}"
EndProject
Global
	GlobalSection(SolutionConfigurationPlatforms) = preSolution
		Debug|Any CPU = Debug|Any CPU
		Release|Any CPU = Release|Any CPU
	EndGlobalSection
	GlobalSection(ProjectConfigurationPlatforms) = postSolution
		{11F10DF6-DE98-424E-825D-417A0B4B741A}.Debug|Any CPU.ActiveCfg = Debug|Any CPU
		{11F10DF6-DE98-424E-825D-417A0B4B741A}.Debug|Any CPU.Build.0 = Debug|Any CPU
		{11F10DF6-DE98-424E-825D-417A0B4B741A}.Release|Any CPU.ActiveCfg = Release|Any CPU
		{11F10DF6-DE98-424E-825D-417A0B4B741A}.Release|Any CPU.Build.0 = Release|Any CPU
	EndGlobalSection
	GlobalSection(SolutionProperties) = preSolution
		HideSolutionNode = FALSE
	EndGlobalSection
	GlobalSection(ExtensibilityGlobals) = postSolution
		SolutionGuid = {BC3D405C-9C32-45AF-97A4-EA0B4B5A6F15}
	EndGlobalSection
EndGlobal
