
Microsoft Visual Studio Solution File, Format Version 12.00
# Visual Studio 15
VisualStudioVersion = 15.0.28307.757
MinimumVisualStudioVersion = 10.0.40219.1
Project("{FAE04EC0-301F-11D3-BF4B-00C04F79EFBC}") = "firstlesson", "firstlesson\firstlesson.csproj", "{056C2263-FEE1-40EA-85CC-7589E4617B56}"
EndProject
Global
	GlobalSection(SolutionConfigurationPlatforms) = preSolution
		Debug|Any CPU = Debug|Any CPU
		Release|Any CPU = Release|Any CPU
	EndGlobalSection
	GlobalSection(ProjectConfigurationPlatforms) = postSolution
		{056C2263-FEE1-40EA-85CC-7589E4617B56}.Debug|Any CPU.ActiveCfg = Debug|Any CPU
		{056C2263-FEE1-40EA-85CC-7589E4617B56}.Debug|Any CPU.Build.0 = Debug|Any CPU
		{056C2263-FEE1-40EA-85CC-7589E4617B56}.Release|Any CPU.ActiveCfg = Release|Any CPU
		{056C2263-FEE1-40EA-85CC-7589E4617B56}.Release|Any CPU.Build.0 = Release|Any CPU
	EndGlobalSection
	GlobalSection(SolutionProperties) = preSolution
		HideSolutionNode = FALSE
	EndGlobalSection
	GlobalSection(ExtensibilityGlobals) = postSolution
		SolutionGuid = {6031BC4D-B00D-4252-8F71-7EA93D6B7DC6}
	EndGlobalSection
EndGlobal
