
Microsoft Visual Studio Solution File, Format Version 12.00
# Visual Studio 15
VisualStudioVersion = 15.0.28307.705
MinimumVisualStudioVersion = 10.0.40219.1
Project("{FAE04EC0-301F-11D3-BF4B-00C04F79EFBC}") = "class 13", "class 13\class 13.csproj", "{8AB70BA9-87E0-4A5E-A278-941E7598A6B9}"
EndProject
Global
	GlobalSection(SolutionConfigurationPlatforms) = preSolution
		Debug|Any CPU = Debug|Any CPU
		Release|Any CPU = Release|Any CPU
	EndGlobalSection
	GlobalSection(ProjectConfigurationPlatforms) = postSolution
		{8AB70BA9-87E0-4A5E-A278-941E7598A6B9}.Debug|Any CPU.ActiveCfg = Debug|Any CPU
		{8AB70BA9-87E0-4A5E-A278-941E7598A6B9}.Debug|Any CPU.Build.0 = Debug|Any CPU
		{8AB70BA9-87E0-4A5E-A278-941E7598A6B9}.Release|Any CPU.ActiveCfg = Release|Any CPU
		{8AB70BA9-87E0-4A5E-A278-941E7598A6B9}.Release|Any CPU.Build.0 = Release|Any CPU
	EndGlobalSection
	GlobalSection(SolutionProperties) = preSolution
		HideSolutionNode = FALSE
	EndGlobalSection
	GlobalSection(ExtensibilityGlobals) = postSolution
		SolutionGuid = {5C48A241-BFAE-4316-B3C4-1EB5D53376B2}
	EndGlobalSection
EndGlobal
