
Microsoft Visual Studio Solution File, Format Version 12.00
# Visual Studio 15
VisualStudioVersion = 15.0.28307.421
MinimumVisualStudioVersion = 10.0.40219.1
Project("{FAE04EC0-301F-11D3-BF4B-00C04F79EFBC}") = "Class Work 32", "Class Work 32\Class Work 32.csproj", "{0C5B9929-1E9F-4AED-8C37-CCCE90851A5B}"
EndProject
Global
	GlobalSection(SolutionConfigurationPlatforms) = preSolution
		Debug|Any CPU = Debug|Any CPU
		Release|Any CPU = Release|Any CPU
	EndGlobalSection
	GlobalSection(ProjectConfigurationPlatforms) = postSolution
		{0C5B9929-1E9F-4AED-8C37-CCCE90851A5B}.Debug|Any CPU.ActiveCfg = Debug|Any CPU
		{0C5B9929-1E9F-4AED-8C37-CCCE90851A5B}.Debug|Any CPU.Build.0 = Debug|Any CPU
		{0C5B9929-1E9F-4AED-8C37-CCCE90851A5B}.Release|Any CPU.ActiveCfg = Release|Any CPU
		{0C5B9929-1E9F-4AED-8C37-CCCE90851A5B}.Release|Any CPU.Build.0 = Release|Any CPU
	EndGlobalSection
	GlobalSection(SolutionProperties) = preSolution
		HideSolutionNode = FALSE
	EndGlobalSection
	GlobalSection(ExtensibilityGlobals) = postSolution
		SolutionGuid = {EFDD6F29-43FE-4F54-84D4-5D8504D43C9A}
	EndGlobalSection
EndGlobal
