
Microsoft Visual Studio Solution File, Format Version 12.00
# Visual Studio 15
VisualStudioVersion = 15.0.28307.705
MinimumVisualStudioVersion = 10.0.40219.1
Project("{FAE04EC0-301F-11D3-BF4B-00C04F79EFBC}") = "class 08", "class 08\class 08.csproj", "{048334DC-731D-4142-A40C-90AAA2CBBDA8}"
EndProject
Global
	GlobalSection(SolutionConfigurationPlatforms) = preSolution
		Debug|Any CPU = Debug|Any CPU
		Release|Any CPU = Release|Any CPU
	EndGlobalSection
	GlobalSection(ProjectConfigurationPlatforms) = postSolution
		{048334DC-731D-4142-A40C-90AAA2CBBDA8}.Debug|Any CPU.ActiveCfg = Debug|Any CPU
		{048334DC-731D-4142-A40C-90AAA2CBBDA8}.Debug|Any CPU.Build.0 = Debug|Any CPU
		{048334DC-731D-4142-A40C-90AAA2CBBDA8}.Release|Any CPU.ActiveCfg = Release|Any CPU
		{048334DC-731D-4142-A40C-90AAA2CBBDA8}.Release|Any CPU.Build.0 = Release|Any CPU
	EndGlobalSection
	GlobalSection(SolutionProperties) = preSolution
		HideSolutionNode = FALSE
	EndGlobalSection
	GlobalSection(ExtensibilityGlobals) = postSolution
		SolutionGuid = {5594D62F-5FDC-4120-9212-062FC69F6F0F}
	EndGlobalSection
EndGlobal
