
Microsoft Visual Studio Solution File, Format Version 12.00
# Visual Studio Version 16
VisualStudioVersion = 16.0.29102.190
MinimumVisualStudioVersion = 10.0.40219.1
Project("{FAE04EC0-301F-11D3-BF4B-00C04F79EFBC}") = "firsthomework", "firsthomework\firsthomework.csproj", "{9A5AE0FB-CC19-499D-AA69-C7783F25C16D}"
EndProject
Global
	GlobalSection(SolutionConfigurationPlatforms) = preSolution
		Debug|Any CPU = Debug|Any CPU
		Release|Any CPU = Release|Any CPU
	EndGlobalSection
	GlobalSection(ProjectConfigurationPlatforms) = postSolution
		{9A5AE0FB-CC19-499D-AA69-C7783F25C16D}.Debug|Any CPU.ActiveCfg = Debug|Any CPU
		{9A5AE0FB-CC19-499D-AA69-C7783F25C16D}.Debug|Any CPU.Build.0 = Debug|Any CPU
		{9A5AE0FB-CC19-499D-AA69-C7783F25C16D}.Release|Any CPU.ActiveCfg = Release|Any CPU
		{9A5AE0FB-CC19-499D-AA69-C7783F25C16D}.Release|Any CPU.Build.0 = Release|Any CPU
	EndGlobalSection
	GlobalSection(SolutionProperties) = preSolution
		HideSolutionNode = FALSE
	EndGlobalSection
	GlobalSection(ExtensibilityGlobals) = postSolution
		SolutionGuid = {794F980D-CFF8-4152-A386-AE14D3D15B5E}
	EndGlobalSection
EndGlobal
