
Microsoft Visual Studio Solution File, Format Version 12.00
# Visual Studio 15
VisualStudioVersion = 15.0.28307.705
MinimumVisualStudioVersion = 10.0.40219.1
Project("{FAE04EC0-301F-11D3-BF4B-00C04F79EFBC}") = "class 10 task", "class 10 task\class 10 task.csproj", "{A1DFE850-05B8-4ECF-A6EB-FEE1DBED2754}"
EndProject
Global
	GlobalSection(SolutionConfigurationPlatforms) = preSolution
		Debug|Any CPU = Debug|Any CPU
		Release|Any CPU = Release|Any CPU
	EndGlobalSection
	GlobalSection(ProjectConfigurationPlatforms) = postSolution
		{A1DFE850-05B8-4ECF-A6EB-FEE1DBED2754}.Debug|Any CPU.ActiveCfg = Debug|Any CPU
		{A1DFE850-05B8-4ECF-A6EB-FEE1DBED2754}.Debug|Any CPU.Build.0 = Debug|Any CPU
		{A1DFE850-05B8-4ECF-A6EB-FEE1DBED2754}.Release|Any CPU.ActiveCfg = Release|Any CPU
		{A1DFE850-05B8-4ECF-A6EB-FEE1DBED2754}.Release|Any CPU.Build.0 = Release|Any CPU
	EndGlobalSection
	GlobalSection(SolutionProperties) = preSolution
		HideSolutionNode = FALSE
	EndGlobalSection
	GlobalSection(ExtensibilityGlobals) = postSolution
		SolutionGuid = {9CA2D628-FA7F-41BA-B692-8E1C12A4755D}
	EndGlobalSection
EndGlobal
