
Microsoft Visual Studio Solution File, Format Version 12.00
# Visual Studio Version 16
VisualStudioVersion = 16.0.29215.179
MinimumVisualStudioVersion = 10.0.40219.1
Project("{FAE04EC0-301F-11D3-BF4B-00C04F79EFBC}") = "home 11", "home 11\home 11.csproj", "{BA6DAC42-7D5D-4929-BE93-C27833417BCD}"
EndProject
Global
	GlobalSection(SolutionConfigurationPlatforms) = preSolution
		Debug|Any CPU = Debug|Any CPU
		Release|Any CPU = Release|Any CPU
	EndGlobalSection
	GlobalSection(ProjectConfigurationPlatforms) = postSolution
		{BA6DAC42-7D5D-4929-BE93-C27833417BCD}.Debug|Any CPU.ActiveCfg = Debug|Any CPU
		{BA6DAC42-7D5D-4929-BE93-C27833417BCD}.Debug|Any CPU.Build.0 = Debug|Any CPU
		{BA6DAC42-7D5D-4929-BE93-C27833417BCD}.Release|Any CPU.ActiveCfg = Release|Any CPU
		{BA6DAC42-7D5D-4929-BE93-C27833417BCD}.Release|Any CPU.Build.0 = Release|Any CPU
	EndGlobalSection
	GlobalSection(SolutionProperties) = preSolution
		HideSolutionNode = FALSE
	EndGlobalSection
	GlobalSection(ExtensibilityGlobals) = postSolution
		SolutionGuid = {DC318234-E936-466E-AA44-E334C815232F}
	EndGlobalSection
EndGlobal
