
Microsoft Visual Studio Solution File, Format Version 12.00
# Visual Studio 15
VisualStudioVersion = 15.0.28307.421
MinimumVisualStudioVersion = 10.0.40219.1
Project("{9A19103F-16F7-4668-BE54-9A1E7A4F7556}") = "Reminder.Storage.WebApi", "Reminder.Storage.WebApi\Reminder.Storage.WebApi.csproj", "{46A90C35-A2A2-42E4-98BD-082B653AA8FA}"
EndProject
Project("{9A19103F-16F7-4668-BE54-9A1E7A4F7556}") = "Reminder.Storage.Core", "Reminder.Storage.Core\Reminder.Storage.Core.csproj", "{76920C07-B8CC-4A77-813D-809D58B18276}"
EndProject
Project("{9A19103F-16F7-4668-BE54-9A1E7A4F7556}") = "Reminder.Storage.Core.Tests", "Reminder.Storage.Core.Tests\Reminder.Storage.Core.Tests.csproj", "{EB27BBFF-8F2B-46C9-B0CF-82C1E779CF1E}"
EndProject
Project("{9A19103F-16F7-4668-BE54-9A1E7A4F7556}") = "Reminder.Storage.InMemory", "Reminder.Storage.InMemory\Reminder.Storage.InMemory.csproj", "{B2DAE65C-7D5C-49FE-AF09-51F045BD4414}"
EndProject
Project("{9A19103F-16F7-4668-BE54-9A1E7A4F7556}") = "Reminder.Storage.InMemory.Tests", "Reminder.Storage.InMemory.Tests\Reminder.Storage.InMemory.Tests.csproj", "{E325F230-EBBB-4D21-9D24-35BB957DFA65}"
EndProject
Project("{9A19103F-16F7-4668-BE54-9A1E7A4F7556}") = "Reminder.WebApi.Core", "Reminder.WebApi.Core\Reminder.WebApi.Core.csproj", "{395C853C-DEA3-4B9C-95A7-1D314C96ADB5}"
EndProject
Project("{FAE04EC0-301F-11D3-BF4B-00C04F79EFBC}") = "Reminder.Storage.WebApi.Client", "Reminder.Storage.WebApi.Client\Reminder.Storage.WebApi.Client.csproj", "{EFD073AD-A077-49F8-A563-ED05B1D7BBD8}"
EndProject
Global
	GlobalSection(SolutionConfigurationPlatforms) = preSolution
		Debug|Any CPU = Debug|Any CPU
		Release|Any CPU = Release|Any CPU
	EndGlobalSection
	GlobalSection(ProjectConfigurationPlatforms) = postSolution
		{46A90C35-A2A2-42E4-98BD-082B653AA8FA}.Debug|Any CPU.ActiveCfg = Debug|Any CPU
		{46A90C35-A2A2-42E4-98BD-082B653AA8FA}.Debug|Any CPU.Build.0 = Debug|Any CPU
		{46A90C35-A2A2-42E4-98BD-082B653AA8FA}.Release|Any CPU.ActiveCfg = Release|Any CPU
		{46A90C35-A2A2-42E4-98BD-082B653AA8FA}.Release|Any CPU.Build.0 = Release|Any CPU
		{76920C07-B8CC-4A77-813D-809D58B18276}.Debug|Any CPU.ActiveCfg = Debug|Any CPU
		{76920C07-B8CC-4A77-813D-809D58B18276}.Debug|Any CPU.Build.0 = Debug|Any CPU
		{76920C07-B8CC-4A77-813D-809D58B18276}.Release|Any CPU.ActiveCfg = Release|Any CPU
		{76920C07-B8CC-4A77-813D-809D58B18276}.Release|Any CPU.Build.0 = Release|Any CPU
		{EB27BBFF-8F2B-46C9-B0CF-82C1E779CF1E}.Debug|Any CPU.ActiveCfg = Debug|Any CPU
		{EB27BBFF-8F2B-46C9-B0CF-82C1E779CF1E}.Debug|Any CPU.Build.0 = Debug|Any CPU
		{EB27BBFF-8F2B-46C9-B0CF-82C1E779CF1E}.Release|Any CPU.ActiveCfg = Release|Any CPU
		{EB27BBFF-8F2B-46C9-B0CF-82C1E779CF1E}.Release|Any CPU.Build.0 = Release|Any CPU
		{B2DAE65C-7D5C-49FE-AF09-51F045BD4414}.Debug|Any CPU.ActiveCfg = Debug|Any CPU
		{B2DAE65C-7D5C-49FE-AF09-51F045BD4414}.Debug|Any CPU.Build.0 = Debug|Any CPU
		{B2DAE65C-7D5C-49FE-AF09-51F045BD4414}.Release|Any CPU.ActiveCfg = Release|Any CPU
		{B2DAE65C-7D5C-49FE-AF09-51F045BD4414}.Release|Any CPU.Build.0 = Release|Any CPU
		{E325F230-EBBB-4D21-9D24-35BB957DFA65}.Debug|Any CPU.ActiveCfg = Debug|Any CPU
		{E325F230-EBBB-4D21-9D24-35BB957DFA65}.Debug|Any CPU.Build.0 = Debug|Any CPU
		{E325F230-EBBB-4D21-9D24-35BB957DFA65}.Release|Any CPU.ActiveCfg = Release|Any CPU
		{E325F230-EBBB-4D21-9D24-35BB957DFA65}.Release|Any CPU.Build.0 = Release|Any CPU
		{395C853C-DEA3-4B9C-95A7-1D314C96ADB5}.Debug|Any CPU.ActiveCfg = Debug|Any CPU
		{395C853C-DEA3-4B9C-95A7-1D314C96ADB5}.Debug|Any CPU.Build.0 = Debug|Any CPU
		{395C853C-DEA3-4B9C-95A7-1D314C96ADB5}.Release|Any CPU.ActiveCfg = Release|Any CPU
		{395C853C-DEA3-4B9C-95A7-1D314C96ADB5}.Release|Any CPU.Build.0 = Release|Any CPU
		{EFD073AD-A077-49F8-A563-ED05B1D7BBD8}.Debug|Any CPU.ActiveCfg = Debug|Any CPU
		{EFD073AD-A077-49F8-A563-ED05B1D7BBD8}.Debug|Any CPU.Build.0 = Debug|Any CPU
		{EFD073AD-A077-49F8-A563-ED05B1D7BBD8}.Release|Any CPU.ActiveCfg = Release|Any CPU
		{EFD073AD-A077-49F8-A563-ED05B1D7BBD8}.Release|Any CPU.Build.0 = Release|Any CPU
	EndGlobalSection
	GlobalSection(SolutionProperties) = preSolution
		HideSolutionNode = FALSE
	EndGlobalSection
	GlobalSection(ExtensibilityGlobals) = postSolution
		SolutionGuid = {9AAAEB78-8799-4FBD-8179-7C46F849DA43}
	EndGlobalSection
EndGlobal
