
Microsoft Visual Studio Solution File, Format Version 12.00
# Visual Studio 15
VisualStudioVersion = 15.0.28307.705
MinimumVisualStudioVersion = 10.0.40219.1
Project("{9A19103F-16F7-4668-BE54-9A1E7A4F7556}") = "Reminder.Storage.Core", "Reminder.Storage.Core\Reminder.Storage.Core.csproj", "{0C58119B-A23A-4C06-9C47-8DD336952E85}"
EndProject
Project("{9A19103F-16F7-4668-BE54-9A1E7A4F7556}") = "Reminder.Storage.InMemory", "Reminder.Storage.InMemory\Reminder.Storage.InMemory.csproj", "{F2EA3868-4B15-4EE1-8DE5-2FEA1FB3E66C}"
EndProject
Project("{9A19103F-16F7-4668-BE54-9A1E7A4F7556}") = "Reminder.Storage.Core.Tests", "Reminder.Storage.Core.Tests\Reminder.Storage.Core.Tests.csproj", "{E5E46ED3-13B0-4543-A250-80AC7AF1724C}"
EndProject
Project("{9A19103F-16F7-4668-BE54-9A1E7A4F7556}") = "Reminder.Storage.InMemory.Tests", "Reminder.Storage.InMemory.Test\Reminder.Storage.InMemory.Tests.csproj", "{062FBFFF-A81E-4EB2-93AF-A44265A9E592}"
EndProject
Project("{FAE04EC0-301F-11D3-BF4B-00C04F79EFBC}") = "Reminder.Domain", "Reminder.Domain\Reminder.Domain.csproj", "{36368E3D-A375-47C7-81CC-9A0DC70B07AD}"
EndProject
Project("{FAE04EC0-301F-11D3-BF4B-00C04F79EFBC}") = "Reminder.Domain.Tests", "UnitTestProject1\Reminder.Domain.Tests.csproj", "{202A673F-2D28-46B0-B30C-F77A892852CD}"
EndProject
Global
	GlobalSection(SolutionConfigurationPlatforms) = preSolution
		Debug|Any CPU = Debug|Any CPU
		Release|Any CPU = Release|Any CPU
	EndGlobalSection
	GlobalSection(ProjectConfigurationPlatforms) = postSolution
		{0C58119B-A23A-4C06-9C47-8DD336952E85}.Debug|Any CPU.ActiveCfg = Debug|Any CPU
		{0C58119B-A23A-4C06-9C47-8DD336952E85}.Debug|Any CPU.Build.0 = Debug|Any CPU
		{0C58119B-A23A-4C06-9C47-8DD336952E85}.Release|Any CPU.ActiveCfg = Release|Any CPU
		{0C58119B-A23A-4C06-9C47-8DD336952E85}.Release|Any CPU.Build.0 = Release|Any CPU
		{F2EA3868-4B15-4EE1-8DE5-2FEA1FB3E66C}.Debug|Any CPU.ActiveCfg = Debug|Any CPU
		{F2EA3868-4B15-4EE1-8DE5-2FEA1FB3E66C}.Debug|Any CPU.Build.0 = Debug|Any CPU
		{F2EA3868-4B15-4EE1-8DE5-2FEA1FB3E66C}.Release|Any CPU.ActiveCfg = Release|Any CPU
		{F2EA3868-4B15-4EE1-8DE5-2FEA1FB3E66C}.Release|Any CPU.Build.0 = Release|Any CPU
		{E5E46ED3-13B0-4543-A250-80AC7AF1724C}.Debug|Any CPU.ActiveCfg = Debug|Any CPU
		{E5E46ED3-13B0-4543-A250-80AC7AF1724C}.Debug|Any CPU.Build.0 = Debug|Any CPU
		{E5E46ED3-13B0-4543-A250-80AC7AF1724C}.Release|Any CPU.ActiveCfg = Release|Any CPU
		{E5E46ED3-13B0-4543-A250-80AC7AF1724C}.Release|Any CPU.Build.0 = Release|Any CPU
		{062FBFFF-A81E-4EB2-93AF-A44265A9E592}.Debug|Any CPU.ActiveCfg = Debug|Any CPU
		{062FBFFF-A81E-4EB2-93AF-A44265A9E592}.Debug|Any CPU.Build.0 = Debug|Any CPU
		{062FBFFF-A81E-4EB2-93AF-A44265A9E592}.Release|Any CPU.ActiveCfg = Release|Any CPU
		{062FBFFF-A81E-4EB2-93AF-A44265A9E592}.Release|Any CPU.Build.0 = Release|Any CPU
		{36368E3D-A375-47C7-81CC-9A0DC70B07AD}.Debug|Any CPU.ActiveCfg = Debug|Any CPU
		{36368E3D-A375-47C7-81CC-9A0DC70B07AD}.Debug|Any CPU.Build.0 = Debug|Any CPU
		{36368E3D-A375-47C7-81CC-9A0DC70B07AD}.Release|Any CPU.ActiveCfg = Release|Any CPU
		{36368E3D-A375-47C7-81CC-9A0DC70B07AD}.Release|Any CPU.Build.0 = Release|Any CPU
		{202A673F-2D28-46B0-B30C-F77A892852CD}.Debug|Any CPU.ActiveCfg = Debug|Any CPU
		{202A673F-2D28-46B0-B30C-F77A892852CD}.Debug|Any CPU.Build.0 = Debug|Any CPU
		{202A673F-2D28-46B0-B30C-F77A892852CD}.Release|Any CPU.ActiveCfg = Release|Any CPU
		{202A673F-2D28-46B0-B30C-F77A892852CD}.Release|Any CPU.Build.0 = Release|Any CPU
	EndGlobalSection
	GlobalSection(SolutionProperties) = preSolution
		HideSolutionNode = FALSE
	EndGlobalSection
	GlobalSection(ExtensibilityGlobals) = postSolution
		SolutionGuid = {22F772EB-836D-4941-BDB7-8B495F2CF69A}
	EndGlobalSection
EndGlobal
