
Microsoft Visual Studio Solution File, Format Version 12.00
# Visual Studio Version 16
VisualStudioVersion = 16.0.29102.190
MinimumVisualStudioVersion = 10.0.40219.1
Project("{FAE04EC0-301F-11D3-BF4B-00C04F79EFBC}") = "homework (harder)", "homework (harder)\homework (harder).csproj", "{28DF00E6-E09D-48BF-900D-6E7CEADF2078}"
EndProject
Global
	GlobalSection(SolutionConfigurationPlatforms) = preSolution
		Debug|Any CPU = Debug|Any CPU
		Release|Any CPU = Release|Any CPU
	EndGlobalSection
	GlobalSection(ProjectConfigurationPlatforms) = postSolution
		{28DF00E6-E09D-48BF-900D-6E7CEADF2078}.Debug|Any CPU.ActiveCfg = Debug|Any CPU
		{28DF00E6-E09D-48BF-900D-6E7CEADF2078}.Debug|Any CPU.Build.0 = Debug|Any CPU
		{28DF00E6-E09D-48BF-900D-6E7CEADF2078}.Release|Any CPU.ActiveCfg = Release|Any CPU
		{28DF00E6-E09D-48BF-900D-6E7CEADF2078}.Release|Any CPU.Build.0 = Release|Any CPU
	EndGlobalSection
	GlobalSection(SolutionProperties) = preSolution
		HideSolutionNode = FALSE
	EndGlobalSection
	GlobalSection(ExtensibilityGlobals) = postSolution
		SolutionGuid = {15C35AF3-224E-40EE-8911-0921B607C153}
	EndGlobalSection
EndGlobal
